
Microsoft Visual Studio Solution File, Format Version 12.00
# Visual Studio Version 17
VisualStudioVersion = 17.3.32825.248
MinimumVisualStudioVersion = 10.0.40219.1
Project("{FAE04EC0-301F-11D3-BF4B-00C04F79EFBC}") = "BeautySaloon", "BeautySaloon.csproj", "{A9EF122B-2938-49C3-A61B-932F915A76D7}"
EndProject
Global
	GlobalSection(SolutionConfigurationPlatforms) = preSolution
		Debug|Any CPU = Debug|Any CPU
		Release|Any CPU = Release|Any CPU
	EndGlobalSection
	GlobalSection(ProjectConfigurationPlatforms) = postSolution
		{A9EF122B-2938-49C3-A61B-932F915A76D7}.Debug|Any CPU.ActiveCfg = Debug|Any CPU
		{A9EF122B-2938-49C3-A61B-932F915A76D7}.Debug|Any CPU.Build.0 = Debug|Any CPU
		{A9EF122B-2938-49C3-A61B-932F915A76D7}.Release|Any CPU.ActiveCfg = Release|Any CPU
		{A9EF122B-2938-49C3-A61B-932F915A76D7}.Release|Any CPU.Build.0 = Release|Any CPU
	EndGlobalSection
	GlobalSection(SolutionProperties) = preSolution
		HideSolutionNode = FALSE
	EndGlobalSection
	GlobalSection(ExtensibilityGlobals) = postSolution
		SolutionGuid = {4B77B79F-D80A-42CA-A74A-D20BAB86A434}
	EndGlobalSection
EndGlobal
